
Microsoft Visual Studio Solution File, Format Version 12.00
# Visual Studio Version 16
VisualStudioVersion = 16.0.31229.75
MinimumVisualStudioVersion = 10.0.40219.1
Project("{FAE04EC0-301F-11D3-BF4B-00C04F79EFBC}") = "MVC Web App", "MVC Web App\MVC Web App.csproj", "{DA4791EB-4EB1-46B3-804B-F4BC88FC8F39}"
EndProject
Global
	GlobalSection(SolutionConfigurationPlatforms) = preSolution
		Debug|Any CPU = Debug|Any CPU
		Release|Any CPU = Release|Any CPU
	EndGlobalSection
	GlobalSection(ProjectConfigurationPlatforms) = postSolution
		{DA4791EB-4EB1-46B3-804B-F4BC88FC8F39}.Debug|Any CPU.ActiveCfg = Debug|Any CPU
		{DA4791EB-4EB1-46B3-804B-F4BC88FC8F39}.Debug|Any CPU.Build.0 = Debug|Any CPU
		{DA4791EB-4EB1-46B3-804B-F4BC88FC8F39}.Release|Any CPU.ActiveCfg = Release|Any CPU
		{DA4791EB-4EB1-46B3-804B-F4BC88FC8F39}.Release|Any CPU.Build.0 = Release|Any CPU
	EndGlobalSection
	GlobalSection(SolutionProperties) = preSolution
		HideSolutionNode = FALSE
	EndGlobalSection
	GlobalSection(ExtensibilityGlobals) = postSolution
		SolutionGuid = {91712551-93F9-4BE0-B48E-D8AAF4D91DFB}
	EndGlobalSection
EndGlobal
